// !$*UTF8*$!
{
	archiveVersion = 1;
	classes = {
	};
	objectVersion = 46;
	objects = {

/* Begin PBXBuildFile section */
		532E018F18BF56180000DCD1 /* Foundation.framework in Frameworks */ = {isa = PBXBuildFile; fileRef = 532E018E18BF56180000DCD1 /* Foundation.framework */; };
		532E019118BF56180000DCD1 /* CoreGraphics.framework in Frameworks */ = {isa = PBXBuildFile; fileRef = 532E019018BF56180000DCD1 /* CoreGraphics.framework */; };
		532E019318BF56180000DCD1 /* UIKit.framework in Frameworks */ = {isa = PBXBuildFile; fileRef = 532E019218BF56180000DCD1 /* UIKit.framework */; };
		532E019918BF56180000DCD1 /* InfoPlist.strings in Resources */ = {isa = PBXBuildFile; fileRef = 532E019718BF56180000DCD1 /* InfoPlist.strings */; };
		532E019B18BF56180000DCD1 /* main.m in Sources */ = {isa = PBXBuildFile; fileRef = 532E019A18BF56180000DCD1 /* main.m */; };
		532E019F18BF56180000DCD1 /* LAMAppDelegate.m in Sources */ = {isa = PBXBuildFile; fileRef = 532E019E18BF56180000DCD1 /* LAMAppDelegate.m */; };
		532E01A818BF56180000DCD1 /* XCTest.framework in Frameworks */ = {isa = PBXBuildFile; fileRef = 532E01A718BF56180000DCD1 /* XCTest.framework */; };
		532E01A918BF56180000DCD1 /* Foundation.framework in Frameworks */ = {isa = PBXBuildFile; fileRef = 532E018E18BF56180000DCD1 /* Foundation.framework */; };
		532E01AA18BF56180000DCD1 /* UIKit.framework in Frameworks */ = {isa = PBXBuildFile; fileRef = 532E019218BF56180000DCD1 /* UIKit.framework */; };
		532E01B218BF56180000DCD1 /* InfoPlist.strings in Resources */ = {isa = PBXBuildFile; fileRef = 532E01B018BF56180000DCD1 /* InfoPlist.strings */; };
		532E01B418BF56180000DCD1 /* lectures_managementTests.m in Sources */ = {isa = PBXBuildFile; fileRef = 532E01B318BF56180000DCD1 /* lectures_managementTests.m */; };
		532E01BE18BF56730000DCD1 /* main_interface.storyboard in Resources */ = {isa = PBXBuildFile; fileRef = 532E01BD18BF56730000DCD1 /* main_interface.storyboard */; };
		532E01C018BF66490000DCD1 /* MapKit.framework in Frameworks */ = {isa = PBXBuildFile; fileRef = 532E01BF18BF66490000DCD1 /* MapKit.framework */; };
		532E01CB18BF6A240000DCD1 /* LAMStundent.m in Sources */ = {isa = PBXBuildFile; fileRef = 532E01CA18BF6A240000DCD1 /* LAMStundent.m */; };
		532E01CF18BF6B9C0000DCD1 /* LAMStundentsTableViewController.m in Sources */ = {isa = PBXBuildFile; fileRef = 532E01CE18BF6B9C0000DCD1 /* LAMStundentsTableViewController.m */; };
		532E01D318BF73430000DCD1 /* LAMStundentCell.m in Sources */ = {isa = PBXBuildFile; fileRef = 532E01D218BF73430000DCD1 /* LAMStundentCell.m */; };
		534D096918C8792A0033C8C4 /* LAMStundentsXMLService.m in Sources */ = {isa = PBXBuildFile; fileRef = 534D096818C8792A0033C8C4 /* LAMStundentsXMLService.m */; };
		534D096B18C892770033C8C4 /* CFNetwork.framework in Frameworks */ = {isa = PBXBuildFile; fileRef = 534D096A18C892770033C8C4 /* CFNetwork.framework */; };
		534D096D18C8927D0033C8C4 /* MobileCoreServices.framework in Frameworks */ = {isa = PBXBuildFile; fileRef = 534D096C18C8927D0033C8C4 /* MobileCoreServices.framework */; };
		534D096F18C892870033C8C4 /* Security.framework in Frameworks */ = {isa = PBXBuildFile; fileRef = 534D096E18C892870033C8C4 /* Security.framework */; };
		534D099418C892F80033C8C4 /* AFHTTPRequestOperation.m in Sources */ = {isa = PBXBuildFile; fileRef = 534D097218C892F80033C8C4 /* AFHTTPRequestOperation.m */; };
		534D099518C892F80033C8C4 /* AFHTTPRequestOperationManager.m in Sources */ = {isa = PBXBuildFile; fileRef = 534D097418C892F80033C8C4 /* AFHTTPRequestOperationManager.m */; };
		534D099618C892F80033C8C4 /* AFHTTPSessionManager.m in Sources */ = {isa = PBXBuildFile; fileRef = 534D097618C892F80033C8C4 /* AFHTTPSessionManager.m */; };
		534D099718C892F80033C8C4 /* AFNetworkReachabilityManager.m in Sources */ = {isa = PBXBuildFile; fileRef = 534D097918C892F80033C8C4 /* AFNetworkReachabilityManager.m */; };
		534D099818C892F80033C8C4 /* AFSecurityPolicy.m in Sources */ = {isa = PBXBuildFile; fileRef = 534D097B18C892F80033C8C4 /* AFSecurityPolicy.m */; };
		534D099918C892F80033C8C4 /* AFURLConnectionOperation.m in Sources */ = {isa = PBXBuildFile; fileRef = 534D097D18C892F80033C8C4 /* AFURLConnectionOperation.m */; };
		534D099A18C892F80033C8C4 /* AFURLRequestSerialization.m in Sources */ = {isa = PBXBuildFile; fileRef = 534D097F18C892F80033C8C4 /* AFURLRequestSerialization.m */; };
		534D099B18C892F80033C8C4 /* AFURLResponseSerialization.m in Sources */ = {isa = PBXBuildFile; fileRef = 534D098118C892F80033C8C4 /* AFURLResponseSerialization.m */; };
		534D099C18C892F80033C8C4 /* AFURLSessionManager.m in Sources */ = {isa = PBXBuildFile; fileRef = 534D098318C892F80033C8C4 /* AFURLSessionManager.m */; };
		534D099D18C892F80033C8C4 /* AFNetworkActivityIndicatorManager.m in Sources */ = {isa = PBXBuildFile; fileRef = 534D098618C892F80033C8C4 /* AFNetworkActivityIndicatorManager.m */; };
		534D099E18C892F80033C8C4 /* UIActivityIndicatorView+AFNetworking.m in Sources */ = {isa = PBXBuildFile; fileRef = 534D098818C892F80033C8C4 /* UIActivityIndicatorView+AFNetworking.m */; };
		534D099F18C892F80033C8C4 /* UIAlertView+AFNetworking.m in Sources */ = {isa = PBXBuildFile; fileRef = 534D098A18C892F80033C8C4 /* UIAlertView+AFNetworking.m */; };
		534D09A018C892F80033C8C4 /* UIButton+AFNetworking.m in Sources */ = {isa = PBXBuildFile; fileRef = 534D098C18C892F80033C8C4 /* UIButton+AFNetworking.m */; };
		534D09A118C892F80033C8C4 /* UIImageView+AFNetworking.m in Sources */ = {isa = PBXBuildFile; fileRef = 534D098E18C892F80033C8C4 /* UIImageView+AFNetworking.m */; };
		534D09A218C892F80033C8C4 /* UIProgressView+AFNetworking.m in Sources */ = {isa = PBXBuildFile; fileRef = 534D099118C892F80033C8C4 /* UIProgressView+AFNetworking.m */; };
		534D09A318C892F80033C8C4 /* UIWebView+AFNetworking.m in Sources */ = {isa = PBXBuildFile; fileRef = 534D099318C892F80033C8C4 /* UIWebView+AFNetworking.m */; };
		534D09A618C8956A0033C8C4 /* LAMLecture.m in Sources */ = {isa = PBXBuildFile; fileRef = 534D09A518C8956A0033C8C4 /* LAMLecture.m */; };
		534D09A918C896EE0033C8C4 /* LAMLecturesJsonService.m in Sources */ = {isa = PBXBuildFile; fileRef = 534D09A818C896EE0033C8C4 /* LAMLecturesJsonService.m */; };
		534D09AC18C8A0FA0033C8C4 /* LAMTableLecturesViewController.m in Sources */ = {isa = PBXBuildFile; fileRef = 534D09AB18C8A0FA0033C8C4 /* LAMTableLecturesViewController.m */; };
		534D09AF18C8A3160033C8C4 /* LAMLectureCell.m in Sources */ = {isa = PBXBuildFile; fileRef = 534D09AE18C8A3160033C8C4 /* LAMLectureCell.m */; };
		534D09B918C8AB180033C8C4 /* 721-bookmarks.png in Resources */ = {isa = PBXBuildFile; fileRef = 534D09B118C8AB180033C8C4 /* 721-bookmarks.png */; };
		534D09BA18C8AB180033C8C4 /* 721-bookmarks@2x.png in Resources */ = {isa = PBXBuildFile; fileRef = 534D09B218C8AB180033C8C4 /* 721-bookmarks@2x.png */; };
		534D09BB18C8AB180033C8C4 /* 779-users.png in Resources */ = {isa = PBXBuildFile; fileRef = 534D09B318C8AB180033C8C4 /* 779-users.png */; };
		534D09BC18C8AB180033C8C4 /* 779-users@2x.png in Resources */ = {isa = PBXBuildFile; fileRef = 534D09B418C8AB180033C8C4 /* 779-users@2x.png */; };
		534D09BD18C8AB180033C8C4 /* 782-compass.png in Resources */ = {isa = PBXBuildFile; fileRef = 534D09B518C8AB180033C8C4 /* 782-compass.png */; };
		534D09BE18C8AB180033C8C4 /* 782-compass@2x.png in Resources */ = {isa = PBXBuildFile; fileRef = 534D09B618C8AB180033C8C4 /* 782-compass@2x.png */; };
		534D09BF18C8AB180033C8C4 /* 860-glasses.png in Resources */ = {isa = PBXBuildFile; fileRef = 534D09B718C8AB180033C8C4 /* 860-glasses.png */; };
		534D09C018C8AB180033C8C4 /* 860-glasses@2x.png in Resources */ = {isa = PBXBuildFile; fileRef = 534D09B818C8AB180033C8C4 /* 860-glasses@2x.png */; };
		534D09C218C8AC2F0033C8C4 /* profile-placeholder.png in Resources */ = {isa = PBXBuildFile; fileRef = 534D09C118C8AC2F0033C8C4 /* profile-placeholder.png */; };
		534D09C418C8AF190033C8C4 /* Images.xcassets in Resources */ = {isa = PBXBuildFile; fileRef = 534D09C318C8AF190033C8C4 /* Images.xcassets */; };
		53F75E7318C08D6200E8D914 /* LAMStundentDetailViewController.m in Sources */ = {isa = PBXBuildFile; fileRef = 53F75E7218C08D6200E8D914 /* LAMStundentDetailViewController.m */; };
		53F75E7E18C0B1DB00E8D914 /* db.sqlite in Resources */ = {isa = PBXBuildFile; fileRef = 53F75E7B18C0B1DB00E8D914 /* db.sqlite */; };
		53F75E7F18C0B1DB00E8D914 /* SQLiteAccess.m in Sources */ = {isa = PBXBuildFile; fileRef = 53F75E7D18C0B1DB00E8D914 /* SQLiteAccess.m */; };
		53F75E8118C0B22400E8D914 /* libsqlite3.dylib in Frameworks */ = {isa = PBXBuildFile; fileRef = 53F75E8018C0B22400E8D914 /* libsqlite3.dylib */; };
		53F75E8518C0B9CF00E8D914 /* SQLiteAccess+Lecture.m in Sources */ = {isa = PBXBuildFile; fileRef = 53F75E8418C0B9CF00E8D914 /* SQLiteAccess+Lecture.m */; };
		53F7BA9E18C8738900DFC134 /* BaseXmlParser.m in Sources */ = {isa = PBXBuildFile; fileRef = 53F7BA9D18C8738900DFC134 /* BaseXmlParser.m */; };
/* End PBXBuildFile section */

/* Begin PBXContainerItemProxy section */
		532E01AB18BF56180000DCD1 /* PBXContainerItemProxy */ = {
			isa = PBXContainerItemProxy;
			containerPortal = 532E018318BF56180000DCD1 /* Project object */;
			proxyType = 1;
			remoteGlobalIDString = 532E018A18BF56180000DCD1;
			remoteInfo = lectures_management;
		};
/* End PBXContainerItemProxy section */

/* Begin PBXFileReference section */
		532E018B18BF56180000DCD1 /* lectures_management.app */ = {isa = PBXFileReference; explicitFileType = wrapper.application; includeInIndex = 0; path = lectures_management.app; sourceTree = BUILT_PRODUCTS_DIR; };
		532E018E18BF56180000DCD1 /* Foundation.framework */ = {isa = PBXFileReference; lastKnownFileType = wrapper.framework; name = Foundation.framework; path = System/Library/Frameworks/Foundation.framework; sourceTree = SDKROOT; };
		532E019018BF56180000DCD1 /* CoreGraphics.framework */ = {isa = PBXFileReference; lastKnownFileType = wrapper.framework; name = CoreGraphics.framework; path = System/Library/Frameworks/CoreGraphics.framework; sourceTree = SDKROOT; };
		532E019218BF56180000DCD1 /* UIKit.framework */ = {isa = PBXFileReference; lastKnownFileType = wrapper.framework; name = UIKit.framework; path = System/Library/Frameworks/UIKit.framework; sourceTree = SDKROOT; };
		532E019618BF56180000DCD1 /* lectures_management-Info.plist */ = {isa = PBXFileReference; lastKnownFileType = text.plist.xml; path = "lectures_management-Info.plist"; sourceTree = "<group>"; };
		532E019818BF56180000DCD1 /* en */ = {isa = PBXFileReference; lastKnownFileType = text.plist.strings; name = en; path = en.lproj/InfoPlist.strings; sourceTree = "<group>"; };
		532E019A18BF56180000DCD1 /* main.m */ = {isa = PBXFileReference; lastKnownFileType = sourcecode.c.objc; path = main.m; sourceTree = "<group>"; };
		532E019C18BF56180000DCD1 /* lectures_management-Prefix.pch */ = {isa = PBXFileReference; lastKnownFileType = sourcecode.c.h; path = "lectures_management-Prefix.pch"; sourceTree = "<group>"; };
		532E019D18BF56180000DCD1 /* LAMAppDelegate.h */ = {isa = PBXFileReference; lastKnownFileType = sourcecode.c.h; path = LAMAppDelegate.h; sourceTree = "<group>"; };
		532E019E18BF56180000DCD1 /* LAMAppDelegate.m */ = {isa = PBXFileReference; lastKnownFileType = sourcecode.c.objc; path = LAMAppDelegate.m; sourceTree = "<group>"; };
		532E01A618BF56180000DCD1 /* lectures_managementTests.xctest */ = {isa = PBXFileReference; explicitFileType = wrapper.cfbundle; includeInIndex = 0; path = lectures_managementTests.xctest; sourceTree = BUILT_PRODUCTS_DIR; };
		532E01A718BF56180000DCD1 /* XCTest.framework */ = {isa = PBXFileReference; lastKnownFileType = wrapper.framework; name = XCTest.framework; path = Library/Frameworks/XCTest.framework; sourceTree = DEVELOPER_DIR; };
		532E01AF18BF56180000DCD1 /* lectures_managementTests-Info.plist */ = {isa = PBXFileReference; lastKnownFileType = text.plist.xml; path = "lectures_managementTests-Info.plist"; sourceTree = "<group>"; };
		532E01B118BF56180000DCD1 /* en */ = {isa = PBXFileReference; lastKnownFileType = text.plist.strings; name = en; path = en.lproj/InfoPlist.strings; sourceTree = "<group>"; };
		532E01B318BF56180000DCD1 /* lectures_managementTests.m */ = {isa = PBXFileReference; lastKnownFileType = sourcecode.c.objc; path = lectures_managementTests.m; sourceTree = "<group>"; };
		532E01BD18BF56730000DCD1 /* main_interface.storyboard */ = {isa = PBXFileReference; fileEncoding = 4; lastKnownFileType = file.storyboard; path = main_interface.storyboard; sourceTree = "<group>"; };
		532E01BF18BF66490000DCD1 /* MapKit.framework */ = {isa = PBXFileReference; lastKnownFileType = wrapper.framework; name = MapKit.framework; path = System/Library/Frameworks/MapKit.framework; sourceTree = SDKROOT; };
		532E01C918BF6A240000DCD1 /* LAMStundent.h */ = {isa = PBXFileReference; fileEncoding = 4; lastKnownFileType = sourcecode.c.h; path = LAMStundent.h; sourceTree = "<group>"; };
		532E01CA18BF6A240000DCD1 /* LAMStundent.m */ = {isa = PBXFileReference; fileEncoding = 4; lastKnownFileType = sourcecode.c.objc; path = LAMStundent.m; sourceTree = "<group>"; };
		532E01CD18BF6B9C0000DCD1 /* LAMStundentsTableViewController.h */ = {isa = PBXFileReference; fileEncoding = 4; lastKnownFileType = sourcecode.c.h; path = LAMStundentsTableViewController.h; sourceTree = "<group>"; };
		532E01CE18BF6B9C0000DCD1 /* LAMStundentsTableViewController.m */ = {isa = PBXFileReference; fileEncoding = 4; lastKnownFileType = sourcecode.c.objc; path = LAMStundentsTableViewController.m; sourceTree = "<group>"; };
		532E01D118BF73430000DCD1 /* LAMStundentCell.h */ = {isa = PBXFileReference; fileEncoding = 4; lastKnownFileType = sourcecode.c.h; path = LAMStundentCell.h; sourceTree = "<group>"; };
		532E01D218BF73430000DCD1 /* LAMStundentCell.m */ = {isa = PBXFileReference; fileEncoding = 4; lastKnownFileType = sourcecode.c.objc; path = LAMStundentCell.m; sourceTree = "<group>"; };
		534D096718C8792A0033C8C4 /* LAMStundentsXMLService.h */ = {isa = PBXFileReference; fileEncoding = 4; lastKnownFileType = sourcecode.c.h; path = LAMStundentsXMLService.h; sourceTree = "<group>"; };
		534D096818C8792A0033C8C4 /* LAMStundentsXMLService.m */ = {isa = PBXFileReference; fileEncoding = 4; lastKnownFileType = sourcecode.c.objc; path = LAMStundentsXMLService.m; sourceTree = "<group>"; };
		534D096A18C892770033C8C4 /* CFNetwork.framework */ = {isa = PBXFileReference; lastKnownFileType = wrapper.framework; name = CFNetwork.framework; path = System/Library/Frameworks/CFNetwork.framework; sourceTree = SDKROOT; };
		534D096C18C8927D0033C8C4 /* MobileCoreServices.framework */ = {isa = PBXFileReference; lastKnownFileType = wrapper.framework; name = MobileCoreServices.framework; path = System/Library/Frameworks/MobileCoreServices.framework; sourceTree = SDKROOT; };
		534D096E18C892870033C8C4 /* Security.framework */ = {isa = PBXFileReference; lastKnownFileType = wrapper.framework; name = Security.framework; path = System/Library/Frameworks/Security.framework; sourceTree = SDKROOT; };
		534D097118C892F80033C8C4 /* AFHTTPRequestOperation.h */ = {isa = PBXFileReference; fileEncoding = 4; lastKnownFileType = sourcecode.c.h; path = AFHTTPRequestOperation.h; sourceTree = "<group>"; };
		534D097218C892F80033C8C4 /* AFHTTPRequestOperation.m */ = {isa = PBXFileReference; fileEncoding = 4; lastKnownFileType = sourcecode.c.objc; path = AFHTTPRequestOperation.m; sourceTree = "<group>"; };
		534D097318C892F80033C8C4 /* AFHTTPRequestOperationManager.h */ = {isa = PBXFileReference; fileEncoding = 4; lastKnownFileType = sourcecode.c.h; path = AFHTTPRequestOperationManager.h; sourceTree = "<group>"; };
		534D097418C892F80033C8C4 /* AFHTTPRequestOperationManager.m */ = {isa = PBXFileReference; fileEncoding = 4; lastKnownFileType = sourcecode.c.objc; path = AFHTTPRequestOperationManager.m; sourceTree = "<group>"; };
		534D097518C892F80033C8C4 /* AFHTTPSessionManager.h */ = {isa = PBXFileReference; fileEncoding = 4; lastKnownFileType = sourcecode.c.h; path = AFHTTPSessionManager.h; sourceTree = "<group>"; };
		534D097618C892F80033C8C4 /* AFHTTPSessionManager.m */ = {isa = PBXFileReference; fileEncoding = 4; lastKnownFileType = sourcecode.c.objc; path = AFHTTPSessionManager.m; sourceTree = "<group>"; };
		534D097718C892F80033C8C4 /* AFNetworking.h */ = {isa = PBXFileReference; fileEncoding = 4; lastKnownFileType = sourcecode.c.h; path = AFNetworking.h; sourceTree = "<group>"; };
		534D097818C892F80033C8C4 /* AFNetworkReachabilityManager.h */ = {isa = PBXFileReference; fileEncoding = 4; lastKnownFileType = sourcecode.c.h; path = AFNetworkReachabilityManager.h; sourceTree = "<group>"; };
		534D097918C892F80033C8C4 /* AFNetworkReachabilityManager.m */ = {isa = PBXFileReference; fileEncoding = 4; lastKnownFileType = sourcecode.c.objc; path = AFNetworkReachabilityManager.m; sourceTree = "<group>"; };
		534D097A18C892F80033C8C4 /* AFSecurityPolicy.h */ = {isa = PBXFileReference; fileEncoding = 4; lastKnownFileType = sourcecode.c.h; path = AFSecurityPolicy.h; sourceTree = "<group>"; };
		534D097B18C892F80033C8C4 /* AFSecurityPolicy.m */ = {isa = PBXFileReference; fileEncoding = 4; lastKnownFileType = sourcecode.c.objc; path = AFSecurityPolicy.m; sourceTree = "<group>"; };
		534D097C18C892F80033C8C4 /* AFURLConnectionOperation.h */ = {isa = PBXFileReference; fileEncoding = 4; lastKnownFileType = sourcecode.c.h; path = AFURLConnectionOperation.h; sourceTree = "<group>"; };
		534D097D18C892F80033C8C4 /* AFURLConnectionOperation.m */ = {isa = PBXFileReference; fileEncoding = 4; lastKnownFileType = sourcecode.c.objc; path = AFURLConnectionOperation.m; sourceTree = "<group>"; };
		534D097E18C892F80033C8C4 /* AFURLRequestSerialization.h */ = {isa = PBXFileReference; fileEncoding = 4; lastKnownFileType = sourcecode.c.h; path = AFURLRequestSerialization.h; sourceTree = "<group>"; };
		534D097F18C892F80033C8C4 /* AFURLRequestSerialization.m */ = {isa = PBXFileReference; fileEncoding = 4; lastKnownFileType = sourcecode.c.objc; path = AFURLRequestSerialization.m; sourceTree = "<group>"; };
		534D098018C892F80033C8C4 /* AFURLResponseSerialization.h */ = {isa = PBXFileReference; fileEncoding = 4; lastKnownFileType = sourcecode.c.h; path = AFURLResponseSerialization.h; sourceTree = "<group>"; };
		534D098118C892F80033C8C4 /* AFURLResponseSerialization.m */ = {isa = PBXFileReference; fileEncoding = 4; lastKnownFileType = sourcecode.c.objc; path = AFURLResponseSerialization.m; sourceTree = "<group>"; };
		534D098218C892F80033C8C4 /* AFURLSessionManager.h */ = {isa = PBXFileReference; fileEncoding = 4; lastKnownFileType = sourcecode.c.h; path = AFURLSessionManager.h; sourceTree = "<group>"; };
		534D098318C892F80033C8C4 /* AFURLSessionManager.m */ = {isa = PBXFileReference; fileEncoding = 4; lastKnownFileType = sourcecode.c.objc; path = AFURLSessionManager.m; sourceTree = "<group>"; };
		534D098518C892F80033C8C4 /* AFNetworkActivityIndicatorManager.h */ = {isa = PBXFileReference; fileEncoding = 4; lastKnownFileType = sourcecode.c.h; path = AFNetworkActivityIndicatorManager.h; sourceTree = "<group>"; };
		534D098618C892F80033C8C4 /* AFNetworkActivityIndicatorManager.m */ = {isa = PBXFileReference; fileEncoding = 4; lastKnownFileType = sourcecode.c.objc; path = AFNetworkActivityIndicatorManager.m; sourceTree = "<group>"; };
		534D098718C892F80033C8C4 /* UIActivityIndicatorView+AFNetworking.h */ = {isa = PBXFileReference; fileEncoding = 4; lastKnownFileType = sourcecode.c.h; path = "UIActivityIndicatorView+AFNetworking.h"; sourceTree = "<group>"; };
		534D098818C892F80033C8C4 /* UIActivityIndicatorView+AFNetworking.m */ = {isa = PBXFileReference; fileEncoding = 4; lastKnownFileType = sourcecode.c.objc; path = "UIActivityIndicatorView+AFNetworking.m"; sourceTree = "<group>"; };
		534D098918C892F80033C8C4 /* UIAlertView+AFNetworking.h */ = {isa = PBXFileReference; fileEncoding = 4; lastKnownFileType = sourcecode.c.h; path = "UIAlertView+AFNetworking.h"; sourceTree = "<group>"; };
		534D098A18C892F80033C8C4 /* UIAlertView+AFNetworking.m */ = {isa = PBXFileReference; fileEncoding = 4; lastKnownFileType = sourcecode.c.objc; path = "UIAlertView+AFNetworking.m"; sourceTree = "<group>"; };
		534D098B18C892F80033C8C4 /* UIButton+AFNetworking.h */ = {isa = PBXFileReference; fileEncoding = 4; lastKnownFileType = sourcecode.c.h; path = "UIButton+AFNetworking.h"; sourceTree = "<group>"; };
		534D098C18C892F80033C8C4 /* UIButton+AFNetworking.m */ = {isa = PBXFileReference; fileEncoding = 4; lastKnownFileType = sourcecode.c.objc; path = "UIButton+AFNetworking.m"; sourceTree = "<group>"; };
		534D098D18C892F80033C8C4 /* UIImageView+AFNetworking.h */ = {isa = PBXFileReference; fileEncoding = 4; lastKnownFileType = sourcecode.c.h; path = "UIImageView+AFNetworking.h"; sourceTree = "<group>"; };
		534D098E18C892F80033C8C4 /* UIImageView+AFNetworking.m */ = {isa = PBXFileReference; fileEncoding = 4; lastKnownFileType = sourcecode.c.objc; path = "UIImageView+AFNetworking.m"; sourceTree = "<group>"; };
		534D098F18C892F80033C8C4 /* UIKit+AFNetworking.h */ = {isa = PBXFileReference; fileEncoding = 4; lastKnownFileType = sourcecode.c.h; path = "UIKit+AFNetworking.h"; sourceTree = "<group>"; };
		534D099018C892F80033C8C4 /* UIProgressView+AFNetworking.h */ = {isa = PBXFileReference; fileEncoding = 4; lastKnownFileType = sourcecode.c.h; path = "UIProgressView+AFNetworking.h"; sourceTree = "<group>"; };
		534D099118C892F80033C8C4 /* UIProgressView+AFNetworking.m */ = {isa = PBXFileReference; fileEncoding = 4; lastKnownFileType = sourcecode.c.objc; path = "UIProgressView+AFNetworking.m"; sourceTree = "<group>"; };
		534D099218C892F80033C8C4 /* UIWebView+AFNetworking.h */ = {isa = PBXFileReference; fileEncoding = 4; lastKnownFileType = sourcecode.c.h; path = "UIWebView+AFNetworking.h"; sourceTree = "<group>"; };
		534D099318C892F80033C8C4 /* UIWebView+AFNetworking.m */ = {isa = PBXFileReference; fileEncoding = 4; lastKnownFileType = sourcecode.c.objc; path = "UIWebView+AFNetworking.m"; sourceTree = "<group>"; };
		534D09A418C8956A0033C8C4 /* LAMLecture.h */ = {isa = PBXFileReference; fileEncoding = 4; lastKnownFileType = sourcecode.c.h; path = LAMLecture.h; sourceTree = "<group>"; };
		534D09A518C8956A0033C8C4 /* LAMLecture.m */ = {isa = PBXFileReference; fileEncoding = 4; lastKnownFileType = sourcecode.c.objc; path = LAMLecture.m; sourceTree = "<group>"; };
		534D09A718C896EE0033C8C4 /* LAMLecturesJsonService.h */ = {isa = PBXFileReference; fileEncoding = 4; lastKnownFileType = sourcecode.c.h; path = LAMLecturesJsonService.h; sourceTree = "<group>"; };
		534D09A818C896EE0033C8C4 /* LAMLecturesJsonService.m */ = {isa = PBXFileReference; fileEncoding = 4; lastKnownFileType = sourcecode.c.objc; path = LAMLecturesJsonService.m; sourceTree = "<group>"; };
		534D09AA18C8A0FA0033C8C4 /* LAMTableLecturesViewController.h */ = {isa = PBXFileReference; fileEncoding = 4; lastKnownFileType = sourcecode.c.h; path = LAMTableLecturesViewController.h; sourceTree = "<group>"; };
		534D09AB18C8A0FA0033C8C4 /* LAMTableLecturesViewController.m */ = {isa = PBXFileReference; fileEncoding = 4; lastKnownFileType = sourcecode.c.objc; path = LAMTableLecturesViewController.m; sourceTree = "<group>"; };
		534D09AD18C8A3160033C8C4 /* LAMLectureCell.h */ = {isa = PBXFileReference; fileEncoding = 4; lastKnownFileType = sourcecode.c.h; path = LAMLectureCell.h; sourceTree = "<group>"; };
		534D09AE18C8A3160033C8C4 /* LAMLectureCell.m */ = {isa = PBXFileReference; fileEncoding = 4; lastKnownFileType = sourcecode.c.objc; path = LAMLectureCell.m; sourceTree = "<group>"; };
		534D09B118C8AB180033C8C4 /* 721-bookmarks.png */ = {isa = PBXFileReference; lastKnownFileType = image.png; path = "721-bookmarks.png"; sourceTree = "<group>"; };
		534D09B218C8AB180033C8C4 /* 721-bookmarks@2x.png */ = {isa = PBXFileReference; lastKnownFileType = image.png; path = "721-bookmarks@2x.png"; sourceTree = "<group>"; };
		534D09B318C8AB180033C8C4 /* 779-users.png */ = {isa = PBXFileReference; lastKnownFileType = image.png; path = "779-users.png"; sourceTree = "<group>"; };
		534D09B418C8AB180033C8C4 /* 779-users@2x.png */ = {isa = PBXFileReference; lastKnownFileType = image.png; path = "779-users@2x.png"; sourceTree = "<group>"; };
		534D09B518C8AB180033C8C4 /* 782-compass.png */ = {isa = PBXFileReference; lastKnownFileType = image.png; path = "782-compass.png"; sourceTree = "<group>"; };
		534D09B618C8AB180033C8C4 /* 782-compass@2x.png */ = {isa = PBXFileReference; lastKnownFileType = image.png; path = "782-compass@2x.png"; sourceTree = "<group>"; };
		534D09B718C8AB180033C8C4 /* 860-glasses.png */ = {isa = PBXFileReference; lastKnownFileType = image.png; path = "860-glasses.png"; sourceTree = "<group>"; };
		534D09B818C8AB180033C8C4 /* 860-glasses@2x.png */ = {isa = PBXFileReference; lastKnownFileType = image.png; path = "860-glasses@2x.png"; sourceTree = "<group>"; };
		534D09C118C8AC2F0033C8C4 /* profile-placeholder.png */ = {isa = PBXFileReference; lastKnownFileType = image.png; path = "profile-placeholder.png"; sourceTree = "<group>"; };
		534D09C318C8AF190033C8C4 /* Images.xcassets */ = {isa = PBXFileReference; lastKnownFileType = folder.assetcatalog; name = Images.xcassets; path = lectures_management/Images.xcassets; sourceTree = "<group>"; };
		53F75E7118C08D6200E8D914 /* LAMStundentDetailViewController.h */ = {isa = PBXFileReference; fileEncoding = 4; lastKnownFileType = sourcecode.c.h; path = LAMStundentDetailViewController.h; sourceTree = "<group>"; };
		53F75E7218C08D6200E8D914 /* LAMStundentDetailViewController.m */ = {isa = PBXFileReference; fileEncoding = 4; lastKnownFileType = sourcecode.c.objc; path = LAMStundentDetailViewController.m; sourceTree = "<group>"; };
		53F75E7B18C0B1DB00E8D914 /* db.sqlite */ = {isa = PBXFileReference; lastKnownFileType = file; name = db.sqlite; path = SQLite/db.sqlite; sourceTree = "<group>"; };
		53F75E7C18C0B1DB00E8D914 /* SQLiteAccess.h */ = {isa = PBXFileReference; fileEncoding = 4; lastKnownFileType = sourcecode.c.h; path = SQLiteAccess.h; sourceTree = "<group>"; };
		53F75E7D18C0B1DB00E8D914 /* SQLiteAccess.m */ = {isa = PBXFileReference; fileEncoding = 4; lastKnownFileType = sourcecode.c.objc; path = SQLiteAccess.m; sourceTree = "<group>"; };
		53F75E8018C0B22400E8D914 /* libsqlite3.dylib */ = {isa = PBXFileReference; lastKnownFileType = "compiled.mach-o.dylib"; name = libsqlite3.dylib; path = usr/lib/libsqlite3.dylib; sourceTree = SDKROOT; };
		53F75E8318C0B9CF00E8D914 /* SQLiteAccess+Lecture.h */ = {isa = PBXFileReference; fileEncoding = 4; lastKnownFileType = sourcecode.c.h; path = "SQLiteAccess+Lecture.h"; sourceTree = "<group>"; };
		53F75E8418C0B9CF00E8D914 /* SQLiteAccess+Lecture.m */ = {isa = PBXFileReference; fileEncoding = 4; lastKnownFileType = sourcecode.c.objc; path = "SQLiteAccess+Lecture.m"; sourceTree = "<group>"; };
		53F7BA9C18C8738900DFC134 /* BaseXmlParser.h */ = {isa = PBXFileReference; fileEncoding = 4; lastKnownFileType = sourcecode.c.h; path = BaseXmlParser.h; sourceTree = "<group>"; };
		53F7BA9D18C8738900DFC134 /* BaseXmlParser.m */ = {isa = PBXFileReference; fileEncoding = 4; lastKnownFileType = sourcecode.c.objc; path = BaseXmlParser.m; sourceTree = "<group>"; };
/* End PBXFileReference section */

/* Begin PBXFrameworksBuildPhase section */
		532E018818BF56180000DCD1 /* Frameworks */ = {
			isa = PBXFrameworksBuildPhase;
			buildActionMask = 2147483647;
			files = (
				534D096F18C892870033C8C4 /* Security.framework in Frameworks */,
				534D096D18C8927D0033C8C4 /* MobileCoreServices.framework in Frameworks */,
				534D096B18C892770033C8C4 /* CFNetwork.framework in Frameworks */,
				53F75E8118C0B22400E8D914 /* libsqlite3.dylib in Frameworks */,
				532E019118BF56180000DCD1 /* CoreGraphics.framework in Frameworks */,
				532E019318BF56180000DCD1 /* UIKit.framework in Frameworks */,
				532E01C018BF66490000DCD1 /* MapKit.framework in Frameworks */,
				532E018F18BF56180000DCD1 /* Foundation.framework in Frameworks */,
			);
			runOnlyForDeploymentPostprocessing = 0;
		};
		532E01A318BF56180000DCD1 /* Frameworks */ = {
			isa = PBXFrameworksBuildPhase;
			buildActionMask = 2147483647;
			files = (
				532E01A818BF56180000DCD1 /* XCTest.framework in Frameworks */,
				532E01AA18BF56180000DCD1 /* UIKit.framework in Frameworks */,
				532E01A918BF56180000DCD1 /* Foundation.framework in Frameworks */,
			);
			runOnlyForDeploymentPostprocessing = 0;
		};
/* End PBXFrameworksBuildPhase section */

/* Begin PBXGroup section */
		532E018218BF56180000DCD1 = {
			isa = PBXGroup;
			children = (
				534D09C318C8AF190033C8C4 /* Images.xcassets */,
				534D097018C892CC0033C8C4 /* AFNetworking */,
				53F7BA9818C8727300DFC134 /* WebServices */,
				53F75E8218C0B98400E8D914 /* Categories */,
				53F75E7A18C0B1DB00E8D914 /* SQLite */,
				532E01D018BF73020000DCD1 /* Views */,
				532E01CC18BF6B050000DCD1 /* Controllers */,
				532E01C818BF6A010000DCD1 /* Models */,
				532E019418BF56180000DCD1 /* lectures_management */,
				532E01AD18BF56180000DCD1 /* lectures_managementTests */,
				532E018D18BF56180000DCD1 /* Frameworks */,
				532E018C18BF56180000DCD1 /* Products */,
			);
			sourceTree = "<group>";
		};
		532E018C18BF56180000DCD1 /* Products */ = {
			isa = PBXGroup;
			children = (
				532E018B18BF56180000DCD1 /* lectures_management.app */,
				532E01A618BF56180000DCD1 /* lectures_managementTests.xctest */,
			);
			name = Products;
			sourceTree = "<group>";
		};
		532E018D18BF56180000DCD1 /* Frameworks */ = {
			isa = PBXGroup;
			children = (
				534D096E18C892870033C8C4 /* Security.framework */,
				534D096C18C8927D0033C8C4 /* MobileCoreServices.framework */,
				534D096A18C892770033C8C4 /* CFNetwork.framework */,
				53F75E8018C0B22400E8D914 /* libsqlite3.dylib */,
				532E01BF18BF66490000DCD1 /* MapKit.framework */,
				532E018E18BF56180000DCD1 /* Foundation.framework */,
				532E019018BF56180000DCD1 /* CoreGraphics.framework */,
				532E019218BF56180000DCD1 /* UIKit.framework */,
				532E01A718BF56180000DCD1 /* XCTest.framework */,
			);
			name = Frameworks;
			sourceTree = "<group>";
		};
		532E019418BF56180000DCD1 /* lectures_management */ = {
			isa = PBXGroup;
			children = (
				532E019D18BF56180000DCD1 /* LAMAppDelegate.h */,
				532E019E18BF56180000DCD1 /* LAMAppDelegate.m */,
				532E019518BF56180000DCD1 /* Supporting Files */,
				532E01BD18BF56730000DCD1 /* main_interface.storyboard */,
			);
			path = lectures_management;
			sourceTree = "<group>";
		};
		532E019518BF56180000DCD1 /* Supporting Files */ = {
			isa = PBXGroup;
			children = (
				534D09B018C8AAF40033C8C4 /* Images */,
				53F75E7B18C0B1DB00E8D914 /* db.sqlite */,
				532E019618BF56180000DCD1 /* lectures_management-Info.plist */,
				532E019718BF56180000DCD1 /* InfoPlist.strings */,
				532E019A18BF56180000DCD1 /* main.m */,
				532E019C18BF56180000DCD1 /* lectures_management-Prefix.pch */,
			);
			name = "Supporting Files";
			sourceTree = "<group>";
		};
		532E01AD18BF56180000DCD1 /* lectures_managementTests */ = {
			isa = PBXGroup;
			children = (
				532E01B318BF56180000DCD1 /* lectures_managementTests.m */,
				532E01AE18BF56180000DCD1 /* Supporting Files */,
			);
			path = lectures_managementTests;
			sourceTree = "<group>";
		};
		532E01AE18BF56180000DCD1 /* Supporting Files */ = {
			isa = PBXGroup;
			children = (
				532E01AF18BF56180000DCD1 /* lectures_managementTests-Info.plist */,
				532E01B018BF56180000DCD1 /* InfoPlist.strings */,
			);
			name = "Supporting Files";
			sourceTree = "<group>";
		};
		532E01C818BF6A010000DCD1 /* Models */ = {
			isa = PBXGroup;
			children = (
				532E01C918BF6A240000DCD1 /* LAMStundent.h */,
				532E01CA18BF6A240000DCD1 /* LAMStundent.m */,
				534D09A418C8956A0033C8C4 /* LAMLecture.h */,
				534D09A518C8956A0033C8C4 /* LAMLecture.m */,
			);
			path = Models;
			sourceTree = "<group>";
		};
		532E01CC18BF6B050000DCD1 /* Controllers */ = {
			isa = PBXGroup;
			children = (
				532E01CD18BF6B9C0000DCD1 /* LAMStundentsTableViewController.h */,
				532E01CE18BF6B9C0000DCD1 /* LAMStundentsTableViewController.m */,
				53F75E7118C08D6200E8D914 /* LAMStundentDetailViewController.h */,
				53F75E7218C08D6200E8D914 /* LAMStundentDetailViewController.m */,
				534D09AA18C8A0FA0033C8C4 /* LAMTableLecturesViewController.h */,
				534D09AB18C8A0FA0033C8C4 /* LAMTableLecturesViewController.m */,
			);
			path = Controllers;
			sourceTree = "<group>";
		};
		532E01D018BF73020000DCD1 /* Views */ = {
			isa = PBXGroup;
			children = (
				532E01D118BF73430000DCD1 /* LAMStundentCell.h */,
				532E01D218BF73430000DCD1 /* LAMStundentCell.m */,
				534D09AD18C8A3160033C8C4 /* LAMLectureCell.h */,
				534D09AE18C8A3160033C8C4 /* LAMLectureCell.m */,
			);
			path = Views;
			sourceTree = "<group>";
		};
		534D097018C892CC0033C8C4 /* AFNetworking */ = {
			isa = PBXGroup;
			children = (
				534D097118C892F80033C8C4 /* AFHTTPRequestOperation.h */,
				534D097218C892F80033C8C4 /* AFHTTPRequestOperation.m */,
				534D097318C892F80033C8C4 /* AFHTTPRequestOperationManager.h */,
				534D097418C892F80033C8C4 /* AFHTTPRequestOperationManager.m */,
				534D097518C892F80033C8C4 /* AFHTTPSessionManager.h */,
				534D097618C892F80033C8C4 /* AFHTTPSessionManager.m */,
				534D097718C892F80033C8C4 /* AFNetworking.h */,
				534D097818C892F80033C8C4 /* AFNetworkReachabilityManager.h */,
				534D097918C892F80033C8C4 /* AFNetworkReachabilityManager.m */,
				534D097A18C892F80033C8C4 /* AFSecurityPolicy.h */,
				534D097B18C892F80033C8C4 /* AFSecurityPolicy.m */,
				534D097C18C892F80033C8C4 /* AFURLConnectionOperation.h */,
				534D097D18C892F80033C8C4 /* AFURLConnectionOperation.m */,
				534D097E18C892F80033C8C4 /* AFURLRequestSerialization.h */,
				534D097F18C892F80033C8C4 /* AFURLRequestSerialization.m */,
				534D098018C892F80033C8C4 /* AFURLResponseSerialization.h */,
				534D098118C892F80033C8C4 /* AFURLResponseSerialization.m */,
				534D098218C892F80033C8C4 /* AFURLSessionManager.h */,
				534D098318C892F80033C8C4 /* AFURLSessionManager.m */,
				534D098418C892F80033C8C4 /* UIKit+AFNetworking */,
			);
			path = AFNetworking;
			sourceTree = "<group>";
		};
		534D098418C892F80033C8C4 /* UIKit+AFNetworking */ = {
			isa = PBXGroup;
			children = (
				534D098518C892F80033C8C4 /* AFNetworkActivityIndicatorManager.h */,
				534D098618C892F80033C8C4 /* AFNetworkActivityIndicatorManager.m */,
				534D098718C892F80033C8C4 /* UIActivityIndicatorView+AFNetworking.h */,
				534D098818C892F80033C8C4 /* UIActivityIndicatorView+AFNetworking.m */,
				534D098918C892F80033C8C4 /* UIAlertView+AFNetworking.h */,
				534D098A18C892F80033C8C4 /* UIAlertView+AFNetworking.m */,
				534D098B18C892F80033C8C4 /* UIButton+AFNetworking.h */,
				534D098C18C892F80033C8C4 /* UIButton+AFNetworking.m */,
				534D098D18C892F80033C8C4 /* UIImageView+AFNetworking.h */,
				534D098E18C892F80033C8C4 /* UIImageView+AFNetworking.m */,
				534D098F18C892F80033C8C4 /* UIKit+AFNetworking.h */,
				534D099018C892F80033C8C4 /* UIProgressView+AFNetworking.h */,
				534D099118C892F80033C8C4 /* UIProgressView+AFNetworking.m */,
				534D099218C892F80033C8C4 /* UIWebView+AFNetworking.h */,
				534D099318C892F80033C8C4 /* UIWebView+AFNetworking.m */,
			);
			path = "UIKit+AFNetworking";
			sourceTree = "<group>";
		};
		534D09B018C8AAF40033C8C4 /* Images */ = {
			isa = PBXGroup;
			children = (
				534D09C118C8AC2F0033C8C4 /* profile-placeholder.png */,
				534D09B118C8AB180033C8C4 /* 721-bookmarks.png */,
				534D09B218C8AB180033C8C4 /* 721-bookmarks@2x.png */,
				534D09B318C8AB180033C8C4 /* 779-users.png */,
				534D09B418C8AB180033C8C4 /* 779-users@2x.png */,
				534D09B518C8AB180033C8C4 /* 782-compass.png */,
				534D09B618C8AB180033C8C4 /* 782-compass@2x.png */,
				534D09B718C8AB180033C8C4 /* 860-glasses.png */,
				534D09B818C8AB180033C8C4 /* 860-glasses@2x.png */,
			);
			path = Images;
			sourceTree = "<group>";
		};
		53F75E7A18C0B1DB00E8D914 /* SQLite */ = {
			isa = PBXGroup;
			children = (
				53F75E7C18C0B1DB00E8D914 /* SQLiteAccess.h */,
				53F75E7D18C0B1DB00E8D914 /* SQLiteAccess.m */,
			);
			name = SQLite;
			path = lectures_management/SQLite;
			sourceTree = "<group>";
		};
		53F75E8218C0B98400E8D914 /* Categories */ = {
			isa = PBXGroup;
			children = (
				53F75E8318C0B9CF00E8D914 /* SQLiteAccess+Lecture.h */,
				53F75E8418C0B9CF00E8D914 /* SQLiteAccess+Lecture.m */,
			);
			path = Categories;
			sourceTree = "<group>";
		};
		53F7BA9818C8727300DFC134 /* WebServices */ = {
			isa = PBXGroup;
			children = (
				53F7BA9C18C8738900DFC134 /* BaseXmlParser.h */,
				53F7BA9D18C8738900DFC134 /* BaseXmlParser.m */,
				534D096718C8792A0033C8C4 /* LAMStundentsXMLService.h */,
				534D096818C8792A0033C8C4 /* LAMStundentsXMLService.m */,
				534D09A718C896EE0033C8C4 /* LAMLecturesJsonService.h */,
				534D09A818C896EE0033C8C4 /* LAMLecturesJsonService.m */,
			);
			path = WebServices;
			sourceTree = "<group>";
		};
/* End PBXGroup section */

/* Begin PBXNativeTarget section */
		532E018A18BF56180000DCD1 /* lectures_management */ = {
			isa = PBXNativeTarget;
			buildConfigurationList = 532E01B718BF56180000DCD1 /* Build configuration list for PBXNativeTarget "lectures_management" */;
			buildPhases = (
				532E018718BF56180000DCD1 /* Sources */,
				532E018818BF56180000DCD1 /* Frameworks */,
				532E018918BF56180000DCD1 /* Resources */,
			);
			buildRules = (
			);
			dependencies = (
			);
			name = lectures_management;
			productName = lectures_management;
			productReference = 532E018B18BF56180000DCD1 /* lectures_management.app */;
			productType = "com.apple.product-type.application";
		};
		532E01A518BF56180000DCD1 /* lectures_managementTests */ = {
			isa = PBXNativeTarget;
			buildConfigurationList = 532E01BA18BF56180000DCD1 /* Build configuration list for PBXNativeTarget "lectures_managementTests" */;
			buildPhases = (
				532E01A218BF56180000DCD1 /* Sources */,
				532E01A318BF56180000DCD1 /* Frameworks */,
				532E01A418BF56180000DCD1 /* Resources */,
			);
			buildRules = (
			);
			dependencies = (
				532E01AC18BF56180000DCD1 /* PBXTargetDependency */,
			);
			name = lectures_managementTests;
			productName = lectures_managementTests;
			productReference = 532E01A618BF56180000DCD1 /* lectures_managementTests.xctest */;
			productType = "com.apple.product-type.bundle.unit-test";
		};
/* End PBXNativeTarget section */

/* Begin PBXProject section */
		532E018318BF56180000DCD1 /* Project object */ = {
			isa = PBXProject;
			attributes = {
				CLASSPREFIX = LAM;
				LastUpgradeCheck = 0500;
				ORGANIZATIONNAME = "Lucas Andión Montáns";
				TargetAttributes = {
					532E018A18BF56180000DCD1 = {
						SystemCapabilities = {
							com.apple.iOS = {
								enabled = 1;
							};
						};
					};
					532E01A518BF56180000DCD1 = {
						TestTargetID = 532E018A18BF56180000DCD1;
					};
				};
			};
			buildConfigurationList = 532E018618BF56180000DCD1 /* Build configuration list for PBXProject "lectures_management" */;
			compatibilityVersion = "Xcode 3.2";
			developmentRegion = English;
			hasScannedForEncodings = 0;
			knownRegions = (
				en,
			);
			mainGroup = 532E018218BF56180000DCD1;
			productRefGroup = 532E018C18BF56180000DCD1 /* Products */;
			projectDirPath = "";
			projectRoot = "";
			targets = (
				532E018A18BF56180000DCD1 /* lectures_management */,
				532E01A518BF56180000DCD1 /* lectures_managementTests */,
			);
		};
/* End PBXProject section */

/* Begin PBXResourcesBuildPhase section */
		532E018918BF56180000DCD1 /* Resources */ = {
			isa = PBXResourcesBuildPhase;
			buildActionMask = 2147483647;
			files = (
				534D09B918C8AB180033C8C4 /* 721-bookmarks.png in Resources */,
				532E01BE18BF56730000DCD1 /* main_interface.storyboard in Resources */,
				534D09BB18C8AB180033C8C4 /* 779-users.png in Resources */,
				534D09C418C8AF190033C8C4 /* Images.xcassets in Resources */,
				534D09C018C8AB180033C8C4 /* 860-glasses@2x.png in Resources */,
				534D09BF18C8AB180033C8C4 /* 860-glasses.png in Resources */,
				532E019918BF56180000DCD1 /* InfoPlist.strings in Resources */,
				534D09BC18C8AB180033C8C4 /* 779-users@2x.png in Resources */,
				53F75E7E18C0B1DB00E8D914 /* db.sqlite in Resources */,
				534D09BD18C8AB180033C8C4 /* 782-compass.png in Resources */,
				534D09BA18C8AB180033C8C4 /* 721-bookmarks@2x.png in Resources */,
				534D09BE18C8AB180033C8C4 /* 782-compass@2x.png in Resources */,
				534D09C218C8AC2F0033C8C4 /* profile-placeholder.png in Resources */,
			);
			runOnlyForDeploymentPostprocessing = 0;
		};
		532E01A418BF56180000DCD1 /* Resources */ = {
			isa = PBXResourcesBuildPhase;
			buildActionMask = 2147483647;
			files = (
				532E01B218BF56180000DCD1 /* InfoPlist.strings in Resources */,
			);
			runOnlyForDeploymentPostprocessing = 0;
		};
/* End PBXResourcesBuildPhase section */

/* Begin PBXSourcesBuildPhase section */
		532E018718BF56180000DCD1 /* Sources */ = {
			isa = PBXSourcesBuildPhase;
			buildActionMask = 2147483647;
			files = (
				534D099918C892F80033C8C4 /* AFURLConnectionOperation.m in Sources */,
				532E019B18BF56180000DCD1 /* main.m in Sources */,
				534D099818C892F80033C8C4 /* AFSecurityPolicy.m in Sources */,
				53F75E7318C08D6200E8D914 /* LAMStundentDetailViewController.m in Sources */,
				534D09A618C8956A0033C8C4 /* LAMLecture.m in Sources */,
				534D09A218C892F80033C8C4 /* UIProgressView+AFNetworking.m in Sources */,
				534D099F18C892F80033C8C4 /* UIAlertView+AFNetworking.m in Sources */,
				534D099D18C892F80033C8C4 /* AFNetworkActivityIndicatorManager.m in Sources */,
				534D099518C892F80033C8C4 /* AFHTTPRequestOperationManager.m in Sources */,
				534D09A318C892F80033C8C4 /* UIWebView+AFNetworking.m in Sources */,
				534D09AC18C8A0FA0033C8C4 /* LAMTableLecturesViewController.m in Sources */,
				534D09A018C892F80033C8C4 /* UIButton+AFNetworking.m in Sources */,
				534D09A918C896EE0033C8C4 /* LAMLecturesJsonService.m in Sources */,
				534D099E18C892F80033C8C4 /* UIActivityIndicatorView+AFNetworking.m in Sources */,
				532E01D318BF73430000DCD1 /* LAMStundentCell.m in Sources */,
				534D096918C8792A0033C8C4 /* LAMStundentsXMLService.m in Sources */,
				532E019F18BF56180000DCD1 /* LAMAppDelegate.m in Sources */,
				53F75E8518C0B9CF00E8D914 /* SQLiteAccess+Lecture.m in Sources */,
				532E01CB18BF6A240000DCD1 /* LAMStundent.m in Sources */,
				534D099C18C892F80033C8C4 /* AFURLSessionManager.m in Sources */,
				534D099B18C892F80033C8C4 /* AFURLResponseSerialization.m in Sources */,
				532E01CF18BF6B9C0000DCD1 /* LAMStundentsTableViewController.m in Sources */,
				53F75E7F18C0B1DB00E8D914 /* SQLiteAccess.m in Sources */,
				534D099A18C892F80033C8C4 /* AFURLRequestSerialization.m in Sources */,
				534D09A118C892F80033C8C4 /* UIImageView+AFNetworking.m in Sources */,
				534D099718C892F80033C8C4 /* AFNetworkReachabilityManager.m in Sources */,
				53F7BA9E18C8738900DFC134 /* BaseXmlParser.m in Sources */,
				534D099418C892F80033C8C4 /* AFHTTPRequestOperation.m in Sources */,
				534D099618C892F80033C8C4 /* AFHTTPSessionManager.m in Sources */,
				534D09AF18C8A3160033C8C4 /* LAMLectureCell.m in Sources */,
			);
			runOnlyForDeploymentPostprocessing = 0;
		};
		532E01A218BF56180000DCD1 /* Sources */ = {
			isa = PBXSourcesBuildPhase;
			buildActionMask = 2147483647;
			files = (
				532E01B418BF56180000DCD1 /* lectures_managementTests.m in Sources */,
			);
			runOnlyForDeploymentPostprocessing = 0;
		};
/* End PBXSourcesBuildPhase section */

/* Begin PBXTargetDependency section */
		532E01AC18BF56180000DCD1 /* PBXTargetDependency */ = {
			isa = PBXTargetDependency;
			target = 532E018A18BF56180000DCD1 /* lectures_management */;
			targetProxy = 532E01AB18BF56180000DCD1 /* PBXContainerItemProxy */;
		};
/* End PBXTargetDependency section */

/* Begin PBXVariantGroup section */
		532E019718BF56180000DCD1 /* InfoPlist.strings */ = {
			isa = PBXVariantGroup;
			children = (
				532E019818BF56180000DCD1 /* en */,
			);
			name = InfoPlist.strings;
			sourceTree = "<group>";
		};
		532E01B018BF56180000DCD1 /* InfoPlist.strings */ = {
			isa = PBXVariantGroup;
			children = (
				532E01B118BF56180000DCD1 /* en */,
			);
			name = InfoPlist.strings;
			sourceTree = "<group>";
		};
/* End PBXVariantGroup section */

/* Begin XCBuildConfiguration section */
		532E01B518BF56180000DCD1 /* Debug */ = {
			isa = XCBuildConfiguration;
			buildSettings = {
				ALWAYS_SEARCH_USER_PATHS = NO;
				ARCHS = "$(ARCHS_STANDARD_INCLUDING_64_BIT)";
				CLANG_CXX_LANGUAGE_STANDARD = "gnu++0x";
				CLANG_CXX_LIBRARY = "libc++";
				CLANG_ENABLE_MODULES = YES;
				CLANG_ENABLE_OBJC_ARC = YES;
				CLANG_WARN_BOOL_CONVERSION = YES;
				CLANG_WARN_CONSTANT_CONVERSION = YES;
				CLANG_WARN_DIRECT_OBJC_ISA_USAGE = YES_ERROR;
				CLANG_WARN_EMPTY_BODY = YES;
				CLANG_WARN_ENUM_CONVERSION = YES;
				CLANG_WARN_INT_CONVERSION = YES;
				CLANG_WARN_OBJC_ROOT_CLASS = YES_ERROR;
				CLANG_WARN__DUPLICATE_METHOD_MATCH = YES;
				"CODE_SIGN_IDENTITY[sdk=iphoneos*]" = "iPhone Developer";
				COPY_PHASE_STRIP = NO;
				GCC_C_LANGUAGE_STANDARD = gnu99;
				GCC_DYNAMIC_NO_PIC = NO;
				GCC_OPTIMIZATION_LEVEL = 0;
				GCC_PREPROCESSOR_DEFINITIONS = (
					"DEBUG=1",
					"$(inherited)",
				);
				GCC_SYMBOLS_PRIVATE_EXTERN = NO;
				GCC_WARN_64_TO_32_BIT_CONVERSION = YES;
				GCC_WARN_ABOUT_RETURN_TYPE = YES_ERROR;
				GCC_WARN_UNDECLARED_SELECTOR = YES;
				GCC_WARN_UNINITIALIZED_AUTOS = YES;
				GCC_WARN_UNUSED_FUNCTION = YES;
				GCC_WARN_UNUSED_VARIABLE = YES;
				IPHONEOS_DEPLOYMENT_TARGET = 7.0;
				ONLY_ACTIVE_ARCH = YES;
				SDKROOT = iphoneos;
			};
			name = Debug;
		};
		532E01B618BF56180000DCD1 /* Release */ = {
			isa = XCBuildConfiguration;
			buildSettings = {
				ALWAYS_SEARCH_USER_PATHS = NO;
				ARCHS = "$(ARCHS_STANDARD_INCLUDING_64_BIT)";
				CLANG_CXX_LANGUAGE_STANDARD = "gnu++0x";
				CLANG_CXX_LIBRARY = "libc++";
				CLANG_ENABLE_MODULES = YES;
				CLANG_ENABLE_OBJC_ARC = YES;
				CLANG_WARN_BOOL_CONVERSION = YES;
				CLANG_WARN_CONSTANT_CONVERSION = YES;
				CLANG_WARN_DIRECT_OBJC_ISA_USAGE = YES_ERROR;
				CLANG_WARN_EMPTY_BODY = YES;
				CLANG_WARN_ENUM_CONVERSION = YES;
				CLANG_WARN_INT_CONVERSION = YES;
				CLANG_WARN_OBJC_ROOT_CLASS = YES_ERROR;
				CLANG_WARN__DUPLICATE_METHOD_MATCH = YES;
				"CODE_SIGN_IDENTITY[sdk=iphoneos*]" = "iPhone Developer";
				COPY_PHASE_STRIP = YES;
				ENABLE_NS_ASSERTIONS = NO;
				GCC_C_LANGUAGE_STANDARD = gnu99;
				GCC_WARN_64_TO_32_BIT_CONVERSION = YES;
				GCC_WARN_ABOUT_RETURN_TYPE = YES_ERROR;
				GCC_WARN_UNDECLARED_SELECTOR = YES;
				GCC_WARN_UNINITIALIZED_AUTOS = YES;
				GCC_WARN_UNUSED_FUNCTION = YES;
				GCC_WARN_UNUSED_VARIABLE = YES;
				IPHONEOS_DEPLOYMENT_TARGET = 7.0;
				SDKROOT = iphoneos;
				VALIDATE_PRODUCT = YES;
			};
			name = Release;
		};
		532E01B818BF56180000DCD1 /* Debug */ = {
			isa = XCBuildConfiguration;
			buildSettings = {
				ASSETCATALOG_COMPILER_APPICON_NAME = AppIcon;
				ASSETCATALOG_COMPILER_LAUNCHIMAGE_NAME = LaunchImage;
				GCC_PRECOMPILE_PREFIX_HEADER = YES;
				GCC_PREFIX_HEADER = "lectures_management/lectures_management-Prefix.pch";
				INFOPLIST_FILE = "lectures_management/lectures_management-Info.plist";
				PRODUCT_NAME = "$(TARGET_NAME)";
				WRAPPER_EXTENSION = app;
			};
			name = Debug;
		};
		532E01B918BF56180000DCD1 /* Release */ = {
			isa = XCBuildConfiguration;
			buildSettings = {
				ASSETCATALOG_COMPILER_APPICON_NAME = AppIcon;
				ASSETCATALOG_COMPILER_LAUNCHIMAGE_NAME = LaunchImage;
				GCC_PRECOMPILE_PREFIX_HEADER = YES;
				GCC_PREFIX_HEADER = "lectures_management/lectures_management-Prefix.pch";
				INFOPLIST_FILE = "lectures_management/lectures_management-Info.plist";
				PRODUCT_NAME = "$(TARGET_NAME)";
				WRAPPER_EXTENSION = app;
			};
			name = Release;
		};
		532E01BB18BF56180000DCD1 /* Debug */ = {
			isa = XCBuildConfiguration;
			buildSettings = {
				ARCHS = "$(ARCHS_STANDARD_INCLUDING_64_BIT)";
				BUNDLE_LOADER = "$(BUILT_PRODUCTS_DIR)/lectures_management.app/lectures_management";
				FRAMEWORK_SEARCH_PATHS = (
					"$(SDKROOT)/Developer/Library/Frameworks",
					"$(inherited)",
					"$(DEVELOPER_FRAMEWORKS_DIR)",
				);
				GCC_PRECOMPILE_PREFIX_HEADER = YES;
				GCC_PREFIX_HEADER = "lectures_management/lectures_management-Prefix.pch";
				GCC_PREPROCESSOR_DEFINITIONS = (
					"DEBUG=1",
					"$(inherited)",
				);
				INFOPLIST_FILE = "lectures_managementTests/lectures_managementTests-Info.plist";
				PRODUCT_NAME = "$(TARGET_NAME)";
				TEST_HOST = "$(BUNDLE_LOADER)";
				WRAPPER_EXTENSION = xctest;
			};
			name = Debug;
		};
		532E01BC18BF56180000DCD1 /* Release */ = {
			isa = XCBuildConfiguration;
			buildSettings = {
				ARCHS = "$(ARCHS_STANDARD_INCLUDING_64_BIT)";
				BUNDLE_LOADER = "$(BUILT_PRODUCTS_DIR)/lectures_management.app/lectures_management";
				FRAMEWORK_SEARCH_PATHS = (
					"$(SDKROOT)/Developer/Library/Frameworks",
					"$(inherited)",
					"$(DEVELOPER_FRAMEWORKS_DIR)",
				);
				GCC_PRECOMPILE_PREFIX_HEADER = YES;
				GCC_PREFIX_HEADER = "lectures_management/lectures_management-Prefix.pch";
				INFOPLIST_FILE = "lectures_managementTests/lectures_managementTests-Info.plist";
				PRODUCT_NAME = "$(TARGET_NAME)";
				TEST_HOST = "$(BUNDLE_LOADER)";
				WRAPPER_EXTENSION = xctest;
			};
			name = Release;
		};
/* End XCBuildConfiguration section */

/* Begin XCConfigurationList section */
		532E018618BF56180000DCD1 /* Build configuration list for PBXProject "lectures_management" */ = {
			isa = XCConfigurationList;
			buildConfigurations = (
				532E01B518BF56180000DCD1 /* Debug */,
				532E01B618BF56180000DCD1 /* Release */,
			);
			defaultConfigurationIsVisible = 0;
			defaultConfigurationName = Release;
		};
		532E01B718BF56180000DCD1 /* Build configuration list for PBXNativeTarget "lectures_management" */ = {
			isa = XCConfigurationList;
			buildConfigurations = (
				532E01B818BF56180000DCD1 /* Debug */,
				532E01B918BF56180000DCD1 /* Release */,
			);
			defaultConfigurationIsVisible = 0;
			defaultConfigurationName = Release;
		};
		532E01BA18BF56180000DCD1 /* Build configuration list for PBXNativeTarget "lectures_managementTests" */ = {
			isa = XCConfigurationList;
			buildConfigurations = (
				532E01BB18BF56180000DCD1 /* Debug */,
				532E01BC18BF56180000DCD1 /* Release */,
			);
			defaultConfigurationIsVisible = 0;
			defaultConfigurationName = Release;
		};
/* End XCConfigurationList section */
	};
	rootObject = 532E018318BF56180000DCD1 /* Project object */;
}
